
Microsoft Visual Studio Solution File, Format Version 12.00
# Visual Studio Version 16
VisualStudioVersion = 16.0.30711.63
MinimumVisualStudioVersion = 10.0.40219.1
Project("{FAE04EC0-301F-11D3-BF4B-00C04F79EFBC}") = "WorkerCompany.DAL", "WorkerCompany.DAL\WorkerCompany.DAL.csproj", "{5F1A9D1D-FD5B-4223-9991-0D828AF16AA7}"
EndProject
Global
	GlobalSection(SolutionConfigurationPlatforms) = preSolution
		Debug|Any CPU = Debug|Any CPU
		Release|Any CPU = Release|Any CPU
	EndGlobalSection
	GlobalSection(ProjectConfigurationPlatforms) = postSolution
		{5F1A9D1D-FD5B-4223-9991-0D828AF16AA7}.Debug|Any CPU.ActiveCfg = Debug|Any CPU
		{5F1A9D1D-FD5B-4223-9991-0D828AF16AA7}.Debug|Any CPU.Build.0 = Debug|Any CPU
		{5F1A9D1D-FD5B-4223-9991-0D828AF16AA7}.Release|Any CPU.ActiveCfg = Release|Any CPU
		{5F1A9D1D-FD5B-4223-9991-0D828AF16AA7}.Release|Any CPU.Build.0 = Release|Any CPU
	EndGlobalSection
	GlobalSection(SolutionProperties) = preSolution
		HideSolutionNode = FALSE
	EndGlobalSection
	GlobalSection(ExtensibilityGlobals) = postSolution
		SolutionGuid = {442E8292-3F06-420E-A45D-117093983FD7}
	EndGlobalSection
EndGlobal
